// !$*UTF8*$!
{
	archiveVersion = 1;
	classes = {
	};
	objectVersion = 51;
	objects = {

/* Begin PBXBuildFile section */
		4C07F05822C292A70078BD7D /* UIViewExtension.swift in Sources */ = {isa = PBXBuildFile; fileRef = 4C07F05722C292A70078BD7D /* UIViewExtension.swift */; };
		4C07F05A22C292BB0078BD7D /* UIImageViewExtension.swift in Sources */ = {isa = PBXBuildFile; fileRef = 4C07F05922C292BB0078BD7D /* UIImageViewExtension.swift */; };
		4C07F06522C2976F0078BD7D /* UIView+Extensions.swift in Sources */ = {isa = PBXBuildFile; fileRef = 4C07F05E22C2976F0078BD7D /* UIView+Extensions.swift */; };
		4C07F06722C2976F0078BD7D /* NumberPicker.swift in Sources */ = {isa = PBXBuildFile; fileRef = 4C07F06022C2976F0078BD7D /* NumberPicker.swift */; };
		4C07F06822C2976F0078BD7D /* NumberPickerLineCell.swift in Sources */ = {isa = PBXBuildFile; fileRef = 4C07F06122C2976F0078BD7D /* NumberPickerLineCell.swift */; };
		4C07F06922C2976F0078BD7D /* NumberPicker.xcassets in Resources */ = {isa = PBXBuildFile; fileRef = 4C07F06322C2976F0078BD7D /* NumberPicker.xcassets */; };
		4C6B99FB22C31A3D006C1B4A /* SPStorkHaptic.swift in Sources */ = {isa = PBXBuildFile; fileRef = 4C6B99E922C31A3C006C1B4A /* SPStorkHaptic.swift */; };
		4C6B99FC22C31A3D006C1B4A /* SPStorkSeque.swift in Sources */ = {isa = PBXBuildFile; fileRef = 4C6B99EA22C31A3C006C1B4A /* SPStorkSeque.swift */; };
		4C6B99FD22C31A3D006C1B4A /* SPStorkCodeDraw.swift in Sources */ = {isa = PBXBuildFile; fileRef = 4C6B99EC22C31A3C006C1B4A /* SPStorkCodeDraw.swift */; };
		4C6B99FE22C31A3D006C1B4A /* SPStorkController.swift in Sources */ = {isa = PBXBuildFile; fileRef = 4C6B99ED22C31A3C006C1B4A /* SPStorkController.swift */; };
		4C6B99FF22C31A3D006C1B4A /* SPStorkTransitioningDelegate.swift in Sources */ = {isa = PBXBuildFile; fileRef = 4C6B99EF22C31A3C006C1B4A /* SPStorkTransitioningDelegate.swift */; };
		4C6B9A0022C31A3D006C1B4A /* SPStorkPresentingAnimationController.swift in Sources */ = {isa = PBXBuildFile; fileRef = 4C6B99F022C31A3C006C1B4A /* SPStorkPresentingAnimationController.swift */; };
		4C6B9A0122C31A3D006C1B4A /* SPStorkPresentationController.swift in Sources */ = {isa = PBXBuildFile; fileRef = 4C6B99F122C31A3C006C1B4A /* SPStorkPresentationController.swift */; };
		4C6B9A0222C31A3D006C1B4A /* SPStorkDismissingAnimationController.swift in Sources */ = {isa = PBXBuildFile; fileRef = 4C6B99F222C31A3C006C1B4A /* SPStorkDismissingAnimationController.swift */; };
		4C6B9A0322C31A3D006C1B4A /* SPStorkViewControllerExtenshion.swift in Sources */ = {isa = PBXBuildFile; fileRef = 4C6B99F422C31A3C006C1B4A /* SPStorkViewControllerExtenshion.swift */; };
		4C6B9A0422C31A3D006C1B4A /* SPStorkCloseButton.swift in Sources */ = {isa = PBXBuildFile; fileRef = 4C6B99F622C31A3C006C1B4A /* SPStorkCloseButton.swift */; };
		4C6B9A0522C31A3D006C1B4A /* SPStorkIndicatorView.swift in Sources */ = {isa = PBXBuildFile; fileRef = 4C6B99F722C31A3C006C1B4A /* SPStorkIndicatorView.swift */; };
		4C6B9A0622C31A3D006C1B4A /* SPStorkCloseView.swift in Sources */ = {isa = PBXBuildFile; fileRef = 4C6B99F822C31A3C006C1B4A /* SPStorkCloseView.swift */; };
		4C6B9A0722C31A3D006C1B4A /* SPStorkControllerDelegate.swift in Sources */ = {isa = PBXBuildFile; fileRef = 4C6B99FA22C31A3C006C1B4A /* SPStorkControllerDelegate.swift */; };
		4C98B93522C0113F0014DE3F /* HomeAppliancesDatabase.swift in Sources */ = {isa = PBXBuildFile; fileRef = 4C98B93422C0113F0014DE3F /* HomeAppliancesDatabase.swift */; };
		4C98B93822C015040014DE3F /* CustomView.swift in Sources */ = {isa = PBXBuildFile; fileRef = 4C98B93722C015040014DE3F /* CustomView.swift */; };
		4CA5745D22C07F81003CB217 /* SimpleSwitch.swift in Sources */ = {isa = PBXBuildFile; fileRef = 4CA5745C22C07F81003CB217 /* SimpleSwitch.swift */; };
		4CA5745F22C0802D003CB217 /* BaseSwitch.swift in Sources */ = {isa = PBXBuildFile; fileRef = 4CA5745E22C0802D003CB217 /* BaseSwitch.swift */; };
		4CE14476225C2FDA0078B979 /* AppDelegate.swift in Sources */ = {isa = PBXBuildFile; fileRef = 4CE14475225C2FDA0078B979 /* AppDelegate.swift */; };
		4CE14478225C2FDA0078B979 /* ViewController.swift in Sources */ = {isa = PBXBuildFile; fileRef = 4CE14477225C2FDA0078B979 /* ViewController.swift */; };
		4CE1447B225C2FDA0078B979 /* Main.storyboard in Resources */ = {isa = PBXBuildFile; fileRef = 4CE14479225C2FDA0078B979 /* Main.storyboard */; };
		4CE1447D225C2FDB0078B979 /* Assets.xcassets in Resources */ = {isa = PBXBuildFile; fileRef = 4CE1447C225C2FDB0078B979 /* Assets.xcassets */; };
		4CE14480225C2FDB0078B979 /* LaunchScreen.storyboard in Resources */ = {isa = PBXBuildFile; fileRef = 4CE1447E225C2FDB0078B979 /* LaunchScreen.storyboard */; };
		4CFCD09422C150010087EBAE /* PotenciaMedia.json in Resources */ = {isa = PBXBuildFile; fileRef = 4CFCD09322C150000087EBAE /* PotenciaMedia.json */; };
		4CFCD09722C153640087EBAE /* DatabaseModel.swift in Sources */ = {isa = PBXBuildFile; fileRef = 4CFCD09622C153640087EBAE /* DatabaseModel.swift */; };
		4CFCD09C22C167260087EBAE /* HomeApplianceSelectionVC.swift in Sources */ = {isa = PBXBuildFile; fileRef = 4CFCD09B22C167260087EBAE /* HomeApplianceSelectionVC.swift */; };
		4CFCD09E22C1BD1C0087EBAE /* HomeApplianceSelectionModel.swift in Sources */ = {isa = PBXBuildFile; fileRef = 4CFCD09D22C1BD1C0087EBAE /* HomeApplianceSelectionModel.swift */; };
		4CFCD0A522C1BF2D0087EBAE /* HomeApplianceSelectionCell.swift in Sources */ = {isa = PBXBuildFile; fileRef = 4CFCD0A422C1BF2D0087EBAE /* HomeApplianceSelectionCell.swift */; };
		C0249F113E89BC3FFE4ED564 /* Pods_eprimora.framework in Frameworks */ = {isa = PBXBuildFile; fileRef = C5C6E665E660863E532843FE /* Pods_eprimora.framework */; };
/* End PBXBuildFile section */

/* Begin PBXFileReference section */
		49A9CC9A31A3BE37A2EC09E7 /* Pods-eprimora.debug.xcconfig */ = {isa = PBXFileReference; includeInIndex = 1; lastKnownFileType = text.xcconfig; name = "Pods-eprimora.debug.xcconfig"; path = "Target Support Files/Pods-eprimora/Pods-eprimora.debug.xcconfig"; sourceTree = "<group>"; };
		4C07F05722C292A70078BD7D /* UIViewExtension.swift */ = {isa = PBXFileReference; lastKnownFileType = sourcecode.swift; path = UIViewExtension.swift; sourceTree = "<group>"; };
		4C07F05922C292BB0078BD7D /* UIImageViewExtension.swift */ = {isa = PBXFileReference; lastKnownFileType = sourcecode.swift; path = UIImageViewExtension.swift; sourceTree = "<group>"; };
		4C07F05E22C2976F0078BD7D /* UIView+Extensions.swift */ = {isa = PBXFileReference; fileEncoding = 4; lastKnownFileType = sourcecode.swift; path = "UIView+Extensions.swift"; sourceTree = "<group>"; };
		4C07F06022C2976F0078BD7D /* NumberPicker.swift */ = {isa = PBXFileReference; fileEncoding = 4; lastKnownFileType = sourcecode.swift; path = NumberPicker.swift; sourceTree = "<group>"; };
		4C07F06122C2976F0078BD7D /* NumberPickerLineCell.swift */ = {isa = PBXFileReference; fileEncoding = 4; lastKnownFileType = sourcecode.swift; path = NumberPickerLineCell.swift; sourceTree = "<group>"; };
		4C07F06322C2976F0078BD7D /* NumberPicker.xcassets */ = {isa = PBXFileReference; lastKnownFileType = folder.assetcatalog; path = NumberPicker.xcassets; sourceTree = "<group>"; };
		4C6B99E922C31A3C006C1B4A /* SPStorkHaptic.swift */ = {isa = PBXFileReference; fileEncoding = 4; lastKnownFileType = sourcecode.swift; path = SPStorkHaptic.swift; sourceTree = "<group>"; };
		4C6B99EA22C31A3C006C1B4A /* SPStorkSeque.swift */ = {isa = PBXFileReference; fileEncoding = 4; lastKnownFileType = sourcecode.swift; path = SPStorkSeque.swift; sourceTree = "<group>"; };
		4C6B99EC22C31A3C006C1B4A /* SPStorkCodeDraw.swift */ = {isa = PBXFileReference; fileEncoding = 4; lastKnownFileType = sourcecode.swift; path = SPStorkCodeDraw.swift; sourceTree = "<group>"; };
		4C6B99ED22C31A3C006C1B4A /* SPStorkController.swift */ = {isa = PBXFileReference; fileEncoding = 4; lastKnownFileType = sourcecode.swift; path = SPStorkController.swift; sourceTree = "<group>"; };
		4C6B99EF22C31A3C006C1B4A /* SPStorkTransitioningDelegate.swift */ = {isa = PBXFileReference; fileEncoding = 4; lastKnownFileType = sourcecode.swift; path = SPStorkTransitioningDelegate.swift; sourceTree = "<group>"; };
		4C6B99F022C31A3C006C1B4A /* SPStorkPresentingAnimationController.swift */ = {isa = PBXFileReference; fileEncoding = 4; lastKnownFileType = sourcecode.swift; path = SPStorkPresentingAnimationController.swift; sourceTree = "<group>"; };
		4C6B99F122C31A3C006C1B4A /* SPStorkPresentationController.swift */ = {isa = PBXFileReference; fileEncoding = 4; lastKnownFileType = sourcecode.swift; path = SPStorkPresentationController.swift; sourceTree = "<group>"; };
		4C6B99F222C31A3C006C1B4A /* SPStorkDismissingAnimationController.swift */ = {isa = PBXFileReference; fileEncoding = 4; lastKnownFileType = sourcecode.swift; path = SPStorkDismissingAnimationController.swift; sourceTree = "<group>"; };
		4C6B99F422C31A3C006C1B4A /* SPStorkViewControllerExtenshion.swift */ = {isa = PBXFileReference; fileEncoding = 4; lastKnownFileType = sourcecode.swift; path = SPStorkViewControllerExtenshion.swift; sourceTree = "<group>"; };
		4C6B99F622C31A3C006C1B4A /* SPStorkCloseButton.swift */ = {isa = PBXFileReference; fileEncoding = 4; lastKnownFileType = sourcecode.swift; path = SPStorkCloseButton.swift; sourceTree = "<group>"; };
		4C6B99F722C31A3C006C1B4A /* SPStorkIndicatorView.swift */ = {isa = PBXFileReference; fileEncoding = 4; lastKnownFileType = sourcecode.swift; path = SPStorkIndicatorView.swift; sourceTree = "<group>"; };
		4C6B99F822C31A3C006C1B4A /* SPStorkCloseView.swift */ = {isa = PBXFileReference; fileEncoding = 4; lastKnownFileType = sourcecode.swift; path = SPStorkCloseView.swift; sourceTree = "<group>"; };
		4C6B99FA22C31A3C006C1B4A /* SPStorkControllerDelegate.swift */ = {isa = PBXFileReference; fileEncoding = 4; lastKnownFileType = sourcecode.swift; path = SPStorkControllerDelegate.swift; sourceTree = "<group>"; };
		4C98B93422C0113F0014DE3F /* HomeAppliancesDatabase.swift */ = {isa = PBXFileReference; lastKnownFileType = sourcecode.swift; path = HomeAppliancesDatabase.swift; sourceTree = "<group>"; };
		4C98B93722C015040014DE3F /* CustomView.swift */ = {isa = PBXFileReference; lastKnownFileType = sourcecode.swift; path = CustomView.swift; sourceTree = "<group>"; };
		4CA5745C22C07F81003CB217 /* SimpleSwitch.swift */ = {isa = PBXFileReference; lastKnownFileType = sourcecode.swift; path = SimpleSwitch.swift; sourceTree = "<group>"; };
		4CA5745E22C0802D003CB217 /* BaseSwitch.swift */ = {isa = PBXFileReference; lastKnownFileType = sourcecode.swift; path = BaseSwitch.swift; sourceTree = "<group>"; };
		4CE14472225C2FDA0078B979 /* eprimora.app */ = {isa = PBXFileReference; explicitFileType = wrapper.application; includeInIndex = 0; path = eprimora.app; sourceTree = BUILT_PRODUCTS_DIR; };
		4CE14475225C2FDA0078B979 /* AppDelegate.swift */ = {isa = PBXFileReference; lastKnownFileType = sourcecode.swift; path = AppDelegate.swift; sourceTree = "<group>"; };
		4CE14477225C2FDA0078B979 /* ViewController.swift */ = {isa = PBXFileReference; lastKnownFileType = sourcecode.swift; path = ViewController.swift; sourceTree = "<group>"; };
		4CE1447A225C2FDA0078B979 /* Base */ = {isa = PBXFileReference; lastKnownFileType = file.storyboard; name = Base; path = Base.lproj/Main.storyboard; sourceTree = "<group>"; };
		4CE1447C225C2FDB0078B979 /* Assets.xcassets */ = {isa = PBXFileReference; lastKnownFileType = folder.assetcatalog; path = Assets.xcassets; sourceTree = "<group>"; };
		4CE1447F225C2FDB0078B979 /* Base */ = {isa = PBXFileReference; lastKnownFileType = file.storyboard; name = Base; path = Base.lproj/LaunchScreen.storyboard; sourceTree = "<group>"; };
		4CE14481225C2FDB0078B979 /* Info.plist */ = {isa = PBXFileReference; lastKnownFileType = text.plist.xml; path = Info.plist; sourceTree = "<group>"; };
		4CFCD09322C150000087EBAE /* PotenciaMedia.json */ = {isa = PBXFileReference; fileEncoding = 4; lastKnownFileType = text.json; path = PotenciaMedia.json; sourceTree = "<group>"; };
		4CFCD09622C153640087EBAE /* DatabaseModel.swift */ = {isa = PBXFileReference; lastKnownFileType = sourcecode.swift; path = DatabaseModel.swift; sourceTree = "<group>"; };
		4CFCD09B22C167260087EBAE /* HomeApplianceSelectionVC.swift */ = {isa = PBXFileReference; lastKnownFileType = sourcecode.swift; path = HomeApplianceSelectionVC.swift; sourceTree = "<group>"; };
		4CFCD09D22C1BD1C0087EBAE /* HomeApplianceSelectionModel.swift */ = {isa = PBXFileReference; lastKnownFileType = sourcecode.swift; path = HomeApplianceSelectionModel.swift; sourceTree = "<group>"; };
		4CFCD0A422C1BF2D0087EBAE /* HomeApplianceSelectionCell.swift */ = {isa = PBXFileReference; lastKnownFileType = sourcecode.swift; path = HomeApplianceSelectionCell.swift; sourceTree = "<group>"; };
		C5C6E665E660863E532843FE /* Pods_eprimora.framework */ = {isa = PBXFileReference; explicitFileType = wrapper.framework; includeInIndex = 0; path = Pods_eprimora.framework; sourceTree = BUILT_PRODUCTS_DIR; };
		F707F2C5EAE5055B2E7F4D8A /* Pods-eprimora.release.xcconfig */ = {isa = PBXFileReference; includeInIndex = 1; lastKnownFileType = text.xcconfig; name = "Pods-eprimora.release.xcconfig"; path = "Target Support Files/Pods-eprimora/Pods-eprimora.release.xcconfig"; sourceTree = "<group>"; };
/* End PBXFileReference section */

/* Begin PBXFrameworksBuildPhase section */
		4CE1446F225C2FDA0078B979 /* Frameworks */ = {
			isa = PBXFrameworksBuildPhase;
			buildActionMask = 2147483647;
			files = (
				C0249F113E89BC3FFE4ED564 /* Pods_eprimora.framework in Frameworks */,
			);
			runOnlyForDeploymentPostprocessing = 0;
		};
/* End PBXFrameworksBuildPhase section */

/* Begin PBXGroup section */
		19CAE1DDC3AAAB662A67EDA8 /* Pods */ = {
			isa = PBXGroup;
			children = (
				49A9CC9A31A3BE37A2EC09E7 /* Pods-eprimora.debug.xcconfig */,
				F707F2C5EAE5055B2E7F4D8A /* Pods-eprimora.release.xcconfig */,
			);
			path = Pods;
			sourceTree = "<group>";
		};
		4C07F05622C2927B0078BD7D /* Extension */ = {
			isa = PBXGroup;
			children = (
				4C07F05722C292A70078BD7D /* UIViewExtension.swift */,
				4C07F05922C292BB0078BD7D /* UIImageViewExtension.swift */,
			);
			path = Extension;
			sourceTree = "<group>";
		};
		4C07F05C22C2976F0078BD7D /* NumberPicker */ = {
			isa = PBXGroup;
			children = (
				4C07F05D22C2976F0078BD7D /* Classes */,
				4C07F06222C2976F0078BD7D /* Assets */,
			);
			path = NumberPicker;
			sourceTree = "<group>";
		};
		4C07F05D22C2976F0078BD7D /* Classes */ = {
			isa = PBXGroup;
			children = (
				4C07F05E22C2976F0078BD7D /* UIView+Extensions.swift */,
				4C07F06022C2976F0078BD7D /* NumberPicker.swift */,
				4C07F06122C2976F0078BD7D /* NumberPickerLineCell.swift */,
			);
			path = Classes;
			sourceTree = "<group>";
		};
		4C07F06222C2976F0078BD7D /* Assets */ = {
			isa = PBXGroup;
			children = (
				4C07F06322C2976F0078BD7D /* NumberPicker.xcassets */,
			);
			path = Assets;
			sourceTree = "<group>";
		};
		4C6B99E722C31A3C006C1B4A /* SPStorkController */ = {
			isa = PBXGroup;
			children = (
				4C6B99E822C31A3C006C1B4A /* Models */,
				4C6B99EA22C31A3C006C1B4A /* SPStorkSeque.swift */,
				4C6B99EB22C31A3C006C1B4A /* CodeDraw */,
				4C6B99ED22C31A3C006C1B4A /* SPStorkController.swift */,
				4C6B99EE22C31A3C006C1B4A /* TransitioningDelegate */,
				4C6B99F322C31A3C006C1B4A /* Extenshion */,
				4C6B99F522C31A3C006C1B4A /* Views */,
				4C6B99F922C31A3C006C1B4A /* Protocols */,
			);
			path = SPStorkController;
			sourceTree = "<group>";
		};
		4C6B99E822C31A3C006C1B4A /* Models */ = {
			isa = PBXGroup;
			children = (
				4C6B99E922C31A3C006C1B4A /* SPStorkHaptic.swift */,
			);
			path = Models;
			sourceTree = "<group>";
		};
		4C6B99EB22C31A3C006C1B4A /* CodeDraw */ = {
			isa = PBXGroup;
			children = (
				4C6B99EC22C31A3C006C1B4A /* SPStorkCodeDraw.swift */,
			);
			path = CodeDraw;
			sourceTree = "<group>";
		};
		4C6B99EE22C31A3C006C1B4A /* TransitioningDelegate */ = {
			isa = PBXGroup;
			children = (
				4C6B99EF22C31A3C006C1B4A /* SPStorkTransitioningDelegate.swift */,
				4C6B99F022C31A3C006C1B4A /* SPStorkPresentingAnimationController.swift */,
				4C6B99F122C31A3C006C1B4A /* SPStorkPresentationController.swift */,
				4C6B99F222C31A3C006C1B4A /* SPStorkDismissingAnimationController.swift */,
			);
			path = TransitioningDelegate;
			sourceTree = "<group>";
		};
		4C6B99F322C31A3C006C1B4A /* Extenshion */ = {
			isa = PBXGroup;
			children = (
				4C6B99F422C31A3C006C1B4A /* SPStorkViewControllerExtenshion.swift */,
			);
			path = Extenshion;
			sourceTree = "<group>";
		};
		4C6B99F522C31A3C006C1B4A /* Views */ = {
			isa = PBXGroup;
			children = (
				4C6B99F622C31A3C006C1B4A /* SPStorkCloseButton.swift */,
				4C6B99F722C31A3C006C1B4A /* SPStorkIndicatorView.swift */,
				4C6B99F822C31A3C006C1B4A /* SPStorkCloseView.swift */,
			);
			path = Views;
			sourceTree = "<group>";
		};
		4C6B99F922C31A3C006C1B4A /* Protocols */ = {
			isa = PBXGroup;
			children = (
				4C6B99FA22C31A3C006C1B4A /* SPStorkControllerDelegate.swift */,
			);
			path = Protocols;
			sourceTree = "<group>";
		};
		4C98B93322C010FE0014DE3F /* Database */ = {
			isa = PBXGroup;
			children = (
				4C98B93422C0113F0014DE3F /* HomeAppliancesDatabase.swift */,
			);
			path = Database;
			sourceTree = "<group>";
		};
		4C98B93622C014C40014DE3F /* View */ = {
			isa = PBXGroup;
			children = (
				4C98B93722C015040014DE3F /* CustomView.swift */,
			);
			path = View;
			sourceTree = "<group>";
		};
		4CA5745B22C07F69003CB217 /* Switch */ = {
			isa = PBXGroup;
			children = (
				4CA5745E22C0802D003CB217 /* BaseSwitch.swift */,
				4CA5745C22C07F81003CB217 /* SimpleSwitch.swift */,
			);
			path = Switch;
			sourceTree = "<group>";
		};
		4CE14469225C2FDA0078B979 = {
			isa = PBXGroup;
			children = (
				4CE14474225C2FDA0078B979 /* eprimora */,
				19CAE1DDC3AAAB662A67EDA8 /* Pods */,
				FC23ADBEE3165AFBD3520903 /* Frameworks */,
			);
			sourceTree = "<group>";
		};
		4CE14473225C2FDA0078B979 /* Products */ = {
			isa = PBXGroup;
			children = (
				4CE14472225C2FDA0078B979 /* eprimora.app */,
			);
			name = Products;
			path = ..;
			sourceTree = "<group>";
		};
		4CE14474225C2FDA0078B979 /* eprimora */ = {
			isa = PBXGroup;
			children = (
				4C6B99E722C31A3C006C1B4A /* SPStorkController */,
				4C07F05C22C2976F0078BD7D /* NumberPicker */,
				4C07F05622C2927B0078BD7D /* Extension */,
				4CA5745B22C07F69003CB217 /* Switch */,
				4C98B93622C014C40014DE3F /* View */,
				4C98B93322C010FE0014DE3F /* Database */,
				4CFCD0A322C1BEEB0087EBAE /* Cell */,
				4CFCD09522C153330087EBAE /* Model */,
				4CFCD09A22C164F60087EBAE /* Controller */,
				4CE14475225C2FDA0078B979 /* AppDelegate.swift */,
				4CE14479225C2FDA0078B979 /* Main.storyboard */,
				4CE1447C225C2FDB0078B979 /* Assets.xcassets */,
				4CE1447E225C2FDB0078B979 /* LaunchScreen.storyboard */,
				4CE14481225C2FDB0078B979 /* Info.plist */,
				4CFCD09322C150000087EBAE /* PotenciaMedia.json */,
				4CE14473225C2FDA0078B979 /* Products */,
			);
			path = eprimora;
			sourceTree = "<group>";
		};
		4CFCD09522C153330087EBAE /* Model */ = {
			isa = PBXGroup;
			children = (
				4CFCD09622C153640087EBAE /* DatabaseModel.swift */,
				4CFCD09D22C1BD1C0087EBAE /* HomeApplianceSelectionModel.swift */,
			);
			path = Model;
			sourceTree = "<group>";
		};
		4CFCD09A22C164F60087EBAE /* Controller */ = {
			isa = PBXGroup;
			children = (
				4CE14477225C2FDA0078B979 /* ViewController.swift */,
				4CFCD09B22C167260087EBAE /* HomeApplianceSelectionVC.swift */,
			);
			path = Controller;
			sourceTree = "<group>";
		};
		4CFCD0A322C1BEEB0087EBAE /* Cell */ = {
			isa = PBXGroup;
			children = (
				4CFCD0A422C1BF2D0087EBAE /* HomeApplianceSelectionCell.swift */,
			);
			path = Cell;
			sourceTree = "<group>";
		};
		FC23ADBEE3165AFBD3520903 /* Frameworks */ = {
			isa = PBXGroup;
			children = (
				C5C6E665E660863E532843FE /* Pods_eprimora.framework */,
			);
			name = Frameworks;
			sourceTree = "<group>";
		};
/* End PBXGroup section */

/* Begin PBXNativeTarget section */
		4CE14471225C2FDA0078B979 /* eprimora */ = {
			isa = PBXNativeTarget;
			buildConfigurationList = 4CE14484225C2FDB0078B979 /* Build configuration list for PBXNativeTarget "eprimora" */;
			buildPhases = (
				52BF3E1FF1AAE3BE562FBA99 /* [CP] Check Pods Manifest.lock */,
				4CE1446E225C2FDA0078B979 /* Sources */,
				4CE1446F225C2FDA0078B979 /* Frameworks */,
				4CE14470225C2FDA0078B979 /* Resources */,
				AFD35AA8C6F6CC839A183E05 /* [CP] Embed Pods Frameworks */,
			);
			buildRules = (
			);
			dependencies = (
			);
			name = eprimora;
			productName = eprimora;
			productReference = 4CE14472225C2FDA0078B979 /* eprimora.app */;
			productType = "com.apple.product-type.application";
		};
/* End PBXNativeTarget section */

/* Begin PBXProject section */
		4CE1446A225C2FDA0078B979 /* Project object */ = {
			isa = PBXProject;
			attributes = {
				LastSwiftUpdateCheck = 1020;
				LastUpgradeCheck = 1020;
				ORGANIZATIONNAME = "Rafael Escaleira";
				TargetAttributes = {
					4CE14471225C2FDA0078B979 = {
						CreatedOnToolsVersion = 10.2;
					};
				};
			};
			buildConfigurationList = 4CE1446D225C2FDA0078B979 /* Build configuration list for PBXProject "eprimora" */;
			compatibilityVersion = "Xcode 9.3";
			developmentRegion = en;
			hasScannedForEncodings = 0;
			knownRegions = (
				en,
				Base,
			);
			mainGroup = 4CE14469225C2FDA0078B979;
			productRefGroup = 4CE14473225C2FDA0078B979 /* Products */;
			projectDirPath = "";
			projectRoot = "";
			targets = (
				4CE14471225C2FDA0078B979 /* eprimora */,
			);
		};
/* End PBXProject section */

/* Begin PBXResourcesBuildPhase section */
		4CE14470225C2FDA0078B979 /* Resources */ = {
			isa = PBXResourcesBuildPhase;
			buildActionMask = 2147483647;
			files = (
				4CE14480225C2FDB0078B979 /* LaunchScreen.storyboard in Resources */,
				4CFCD09422C150010087EBAE /* PotenciaMedia.json in Resources */,
				4C07F06922C2976F0078BD7D /* NumberPicker.xcassets in Resources */,
				4CE1447D225C2FDB0078B979 /* Assets.xcassets in Resources */,
				4CE1447B225C2FDA0078B979 /* Main.storyboard in Resources */,
			);
			runOnlyForDeploymentPostprocessing = 0;
		};
/* End PBXResourcesBuildPhase section */

/* Begin PBXShellScriptBuildPhase section */
		52BF3E1FF1AAE3BE562FBA99 /* [CP] Check Pods Manifest.lock */ = {
			isa = PBXShellScriptBuildPhase;
			buildActionMask = 2147483647;
			files = (
			);
			inputFileListPaths = (
			);
			inputPaths = (
				"${PODS_PODFILE_DIR_PATH}/Podfile.lock",
				"${PODS_ROOT}/Manifest.lock",
			);
			name = "[CP] Check Pods Manifest.lock";
			outputFileListPaths = (
			);
			outputPaths = (
				"$(DERIVED_FILE_DIR)/Pods-eprimora-checkManifestLockResult.txt",
			);
			runOnlyForDeploymentPostprocessing = 0;
			shellPath = /bin/sh;
			shellScript = "diff \"${PODS_PODFILE_DIR_PATH}/Podfile.lock\" \"${PODS_ROOT}/Manifest.lock\" > /dev/null\nif [ $? != 0 ] ; then\n    # print error to STDERR\n    echo \"error: The sandbox is not in sync with the Podfile.lock. Run 'pod install' or update your CocoaPods installation.\" >&2\n    exit 1\nfi\n# This output is used by Xcode 'outputs' to avoid re-running this script phase.\necho \"SUCCESS\" > \"${SCRIPT_OUTPUT_FILE_0}\"\n";
			showEnvVarsInLog = 0;
		};
		AFD35AA8C6F6CC839A183E05 /* [CP] Embed Pods Frameworks */ = {
			isa = PBXShellScriptBuildPhase;
			buildActionMask = 2147483647;
			files = (
			);
			inputFileListPaths = (
				"${PODS_ROOT}/Target Support Files/Pods-eprimora/Pods-eprimora-frameworks-${CONFIGURATION}-input-files.xcfilelist",
			);
			name = "[CP] Embed Pods Frameworks";
			outputFileListPaths = (
				"${PODS_ROOT}/Target Support Files/Pods-eprimora/Pods-eprimora-frameworks-${CONFIGURATION}-output-files.xcfilelist",
			);
			runOnlyForDeploymentPostprocessing = 0;
			shellPath = /bin/sh;
			shellScript = "\"${PODS_ROOT}/Target Support Files/Pods-eprimora/Pods-eprimora-frameworks.sh\"\n";
			showEnvVarsInLog = 0;
		};
/* End PBXShellScriptBuildPhase section */

/* Begin PBXSourcesBuildPhase section */
		4CE1446E225C2FDA0078B979 /* Sources */ = {
			isa = PBXSourcesBuildPhase;
			buildActionMask = 2147483647;
			files = (
				4C07F06722C2976F0078BD7D /* NumberPicker.swift in Sources */,
				4C6B9A0222C31A3D006C1B4A /* SPStorkDismissingAnimationController.swift in Sources */,
				4CA5745F22C0802D003CB217 /* BaseSwitch.swift in Sources */,
				4C98B93522C0113F0014DE3F /* HomeAppliancesDatabase.swift in Sources */,
				4C07F05A22C292BB0078BD7D /* UIImageViewExtension.swift in Sources */,
				4C6B9A0622C31A3D006C1B4A /* SPStorkCloseView.swift in Sources */,
				4C07F05822C292A70078BD7D /* UIViewExtension.swift in Sources */,
				4CA5745D22C07F81003CB217 /* SimpleSwitch.swift in Sources */,
				4C6B9A0122C31A3D006C1B4A /* SPStorkPresentationController.swift in Sources */,
				4C07F06522C2976F0078BD7D /* UIView+Extensions.swift in Sources */,
				4C6B99FD22C31A3D006C1B4A /* SPStorkCodeDraw.swift in Sources */,
				4C6B9A0422C31A3D006C1B4A /* SPStorkCloseButton.swift in Sources */,
				4C6B9A0522C31A3D006C1B4A /* SPStorkIndicatorView.swift in Sources */,
				4C6B99FC22C31A3D006C1B4A /* SPStorkSeque.swift in Sources */,
				4CFCD09E22C1BD1C0087EBAE /* HomeApplianceSelectionModel.swift in Sources */,
				4CFCD0A522C1BF2D0087EBAE /* HomeApplianceSelectionCell.swift in Sources */,
				4CE14478225C2FDA0078B979 /* ViewController.swift in Sources */,
				4C98B93822C015040014DE3F /* CustomView.swift in Sources */,
				4CFCD09722C153640087EBAE /* DatabaseModel.swift in Sources */,
				4C6B9A0722C31A3D006C1B4A /* SPStorkControllerDelegate.swift in Sources */,
				4CFCD09C22C167260087EBAE /* HomeApplianceSelectionVC.swift in Sources */,
				4C6B99FB22C31A3D006C1B4A /* SPStorkHaptic.swift in Sources */,
				4C6B9A0322C31A3D006C1B4A /* SPStorkViewControllerExtenshion.swift in Sources */,
				4C07F06822C2976F0078BD7D /* NumberPickerLineCell.swift in Sources */,
				4C6B9A0022C31A3D006C1B4A /* SPStorkPresentingAnimationController.swift in Sources */,
				4CE14476225C2FDA0078B979 /* AppDelegate.swift in Sources */,
				4C6B99FE22C31A3D006C1B4A /* SPStorkController.swift in Sources */,
				4C6B99FF22C31A3D006C1B4A /* SPStorkTransitioningDelegate.swift in Sources */,
			);
			runOnlyForDeploymentPostprocessing = 0;
		};
/* End PBXSourcesBuildPhase section */

/* Begin PBXVariantGroup section */
		4CE14479225C2FDA0078B979 /* Main.storyboard */ = {
			isa = PBXVariantGroup;
			children = (
				4CE1447A225C2FDA0078B979 /* Base */,
			);
			name = Main.storyboard;
			sourceTree = "<group>";
		};
		4CE1447E225C2FDB0078B979 /* LaunchScreen.storyboard */ = {
			isa = PBXVariantGroup;
			children = (
				4CE1447F225C2FDB0078B979 /* Base */,
			);
			name = LaunchScreen.storyboard;
			sourceTree = "<group>";
		};
/* End PBXVariantGroup section */

/* Begin XCBuildConfiguration section */
		4CE14482225C2FDB0078B979 /* Debug */ = {
			isa = XCBuildConfiguration;
			buildSettings = {
				ALWAYS_SEARCH_USER_PATHS = NO;
				CLANG_ANALYZER_NONNULL = YES;
				CLANG_ANALYZER_NUMBER_OBJECT_CONVERSION = YES_AGGRESSIVE;
				CLANG_CXX_LANGUAGE_STANDARD = "gnu++14";
				CLANG_CXX_LIBRARY = "libc++";
				CLANG_ENABLE_MODULES = YES;
				CLANG_ENABLE_OBJC_ARC = YES;
				CLANG_ENABLE_OBJC_WEAK = YES;
				CLANG_WARN_BLOCK_CAPTURE_AUTORELEASING = YES;
				CLANG_WARN_BOOL_CONVERSION = YES;
				CLANG_WARN_COMMA = YES;
				CLANG_WARN_CONSTANT_CONVERSION = YES;
				CLANG_WARN_DEPRECATED_OBJC_IMPLEMENTATIONS = YES;
				CLANG_WARN_DIRECT_OBJC_ISA_USAGE = YES_ERROR;
				CLANG_WARN_DOCUMENTATION_COMMENTS = YES;
				CLANG_WARN_EMPTY_BODY = YES;
				CLANG_WARN_ENUM_CONVERSION = YES;
				CLANG_WARN_INFINITE_RECURSION = YES;
				CLANG_WARN_INT_CONVERSION = YES;
				CLANG_WARN_NON_LITERAL_NULL_CONVERSION = YES;
				CLANG_WARN_OBJC_IMPLICIT_RETAIN_SELF = YES;
				CLANG_WARN_OBJC_LITERAL_CONVERSION = YES;
				CLANG_WARN_OBJC_ROOT_CLASS = YES_ERROR;
				CLANG_WARN_RANGE_LOOP_ANALYSIS = YES;
				CLANG_WARN_STRICT_PROTOTYPES = YES;
				CLANG_WARN_SUSPICIOUS_MOVE = YES;
				CLANG_WARN_UNGUARDED_AVAILABILITY = YES_AGGRESSIVE;
				CLANG_WARN_UNREACHABLE_CODE = YES;
				CLANG_WARN__DUPLICATE_METHOD_MATCH = YES;
				CODE_SIGN_IDENTITY = "iPhone Developer";
				COPY_PHASE_STRIP = NO;
				DEBUG_INFORMATION_FORMAT = dwarf;
				ENABLE_STRICT_OBJC_MSGSEND = YES;
				ENABLE_TESTABILITY = YES;
				GCC_C_LANGUAGE_STANDARD = gnu11;
				GCC_DYNAMIC_NO_PIC = NO;
				GCC_NO_COMMON_BLOCKS = YES;
				GCC_OPTIMIZATION_LEVEL = 0;
				GCC_PREPROCESSOR_DEFINITIONS = (
					"DEBUG=1",
					"$(inherited)",
				);
				GCC_WARN_64_TO_32_BIT_CONVERSION = YES;
				GCC_WARN_ABOUT_RETURN_TYPE = YES_ERROR;
				GCC_WARN_UNDECLARED_SELECTOR = YES;
				GCC_WARN_UNINITIALIZED_AUTOS = YES_AGGRESSIVE;
				GCC_WARN_UNUSED_FUNCTION = YES;
				GCC_WARN_UNUSED_VARIABLE = YES;
				IPHONEOS_DEPLOYMENT_TARGET = 12.2;
				MTL_ENABLE_DEBUG_INFO = INCLUDE_SOURCE;
				MTL_FAST_MATH = YES;
				ONLY_ACTIVE_ARCH = YES;
				SDKROOT = iphoneos;
				SWIFT_ACTIVE_COMPILATION_CONDITIONS = DEBUG;
				SWIFT_OPTIMIZATION_LEVEL = "-Onone";
			};
			name = Debug;
		};
		4CE14483225C2FDB0078B979 /* Release */ = {
			isa = XCBuildConfiguration;
			buildSettings = {
				ALWAYS_SEARCH_USER_PATHS = NO;
				CLANG_ANALYZER_NONNULL = YES;
				CLANG_ANALYZER_NUMBER_OBJECT_CONVERSION = YES_AGGRESSIVE;
				CLANG_CXX_LANGUAGE_STANDARD = "gnu++14";
				CLANG_CXX_LIBRARY = "libc++";
				CLANG_ENABLE_MODULES = YES;
				CLANG_ENABLE_OBJC_ARC = YES;
				CLANG_ENABLE_OBJC_WEAK = YES;
				CLANG_WARN_BLOCK_CAPTURE_AUTORELEASING = YES;
				CLANG_WARN_BOOL_CONVERSION = YES;
				CLANG_WARN_COMMA = YES;
				CLANG_WARN_CONSTANT_CONVERSION = YES;
				CLANG_WARN_DEPRECATED_OBJC_IMPLEMENTATIONS = YES;
				CLANG_WARN_DIRECT_OBJC_ISA_USAGE = YES_ERROR;
				CLANG_WARN_DOCUMENTATION_COMMENTS = YES;
				CLANG_WARN_EMPTY_BODY = YES;
				CLANG_WARN_ENUM_CONVERSION = YES;
				CLANG_WARN_INFINITE_RECURSION = YES;
				CLANG_WARN_INT_CONVERSION = YES;
				CLANG_WARN_NON_LITERAL_NULL_CONVERSION = YES;
				CLANG_WARN_OBJC_IMPLICIT_RETAIN_SELF = YES;
				CLANG_WARN_OBJC_LITERAL_CONVERSION = YES;
				CLANG_WARN_OBJC_ROOT_CLASS = YES_ERROR;
				CLANG_WARN_RANGE_LOOP_ANALYSIS = YES;
				CLANG_WARN_STRICT_PROTOTYPES = YES;
				CLANG_WARN_SUSPICIOUS_MOVE = YES;
				CLANG_WARN_UNGUARDED_AVAILABILITY = YES_AGGRESSIVE;
				CLANG_WARN_UNREACHABLE_CODE = YES;
				CLANG_WARN__DUPLICATE_METHOD_MATCH = YES;
				CODE_SIGN_IDENTITY = "iPhone Developer";
				COPY_PHASE_STRIP = NO;
				DEBUG_INFORMATION_FORMAT = "dwarf-with-dsym";
				ENABLE_NS_ASSERTIONS = NO;
				ENABLE_STRICT_OBJC_MSGSEND = YES;
				GCC_C_LANGUAGE_STANDARD = gnu11;
				GCC_NO_COMMON_BLOCKS = YES;
				GCC_WARN_64_TO_32_BIT_CONVERSION = YES;
				GCC_WARN_ABOUT_RETURN_TYPE = YES_ERROR;
				GCC_WARN_UNDECLARED_SELECTOR = YES;
				GCC_WARN_UNINITIALIZED_AUTOS = YES_AGGRESSIVE;
				GCC_WARN_UNUSED_FUNCTION = YES;
				GCC_WARN_UNUSED_VARIABLE = YES;
				IPHONEOS_DEPLOYMENT_TARGET = 12.2;
				MTL_ENABLE_DEBUG_INFO = NO;
				MTL_FAST_MATH = YES;
				SDKROOT = iphoneos;
				SWIFT_COMPILATION_MODE = wholemodule;
				SWIFT_OPTIMIZATION_LEVEL = "-O";
				VALIDATE_PRODUCT = YES;
			};
			name = Release;
		};
		4CE14485225C2FDB0078B979 /* Debug */ = {
			isa = XCBuildConfiguration;
			baseConfigurationReference = 49A9CC9A31A3BE37A2EC09E7 /* Pods-eprimora.debug.xcconfig */;
			buildSettings = {
				ASSETCATALOG_COMPILER_APPICON_NAME = AppIcon;
				CODE_SIGN_STYLE = Automatic;
				DEVELOPMENT_TEAM = Q7QLR2PH2X;
				INFOPLIST_FILE = eprimora/Info.plist;
				IPHONEOS_DEPLOYMENT_TARGET = 11.0;
				LD_RUNPATH_SEARCH_PATHS = (
					"$(inherited)",
					"@executable_path/Frameworks",
				);
				PRODUCT_BUNDLE_IDENTIFIER = com.rafaelescaleira.eprimora;
				PRODUCT_NAME = "$(TARGET_NAME)";
				SWIFT_VERSION = 5.0;
				TARGETED_DEVICE_FAMILY = 1;
			};
			name = Debug;
		};
		4CE14486225C2FDB0078B979 /* Release */ = {
			isa = XCBuildConfiguration;
			baseConfigurationReference = F707F2C5EAE5055B2E7F4D8A /* Pods-eprimora.release.xcconfig */;
			buildSettings = {
				ASSETCATALOG_COMPILER_APPICON_NAME = AppIcon;
				CODE_SIGN_STYLE = Automatic;
				DEVELOPMENT_TEAM = Q7QLR2PH2X;
				INFOPLIST_FILE = eprimora/Info.plist;
				IPHONEOS_DEPLOYMENT_TARGET = 11.0;
				LD_RUNPATH_SEARCH_PATHS = (
					"$(inherited)",
					"@executable_path/Frameworks",
				);
				PRODUCT_BUNDLE_IDENTIFIER = com.rafaelescaleira.eprimora;
				PRODUCT_NAME = "$(TARGET_NAME)";
				SWIFT_VERSION = 5.0;
				TARGETED_DEVICE_FAMILY = 1;
			};
			name = Release;
		};
/* End XCBuildConfiguration section */

/* Begin XCConfigurationList section */
		4CE1446D225C2FDA0078B979 /* Build configuration list for PBXProject "eprimora" */ = {
			isa = XCConfigurationList;
			buildConfigurations = (
				4CE14482225C2FDB0078B979 /* Debug */,
				4CE14483225C2FDB0078B979 /* Release */,
			);
			defaultConfigurationIsVisible = 0;
			defaultConfigurationName = Release;
		};
		4CE14484225C2FDB0078B979 /* Build configuration list for PBXNativeTarget "eprimora" */ = {
			isa = XCConfigurationList;
			buildConfigurations = (
				4CE14485225C2FDB0078B979 /* Debug */,
				4CE14486225C2FDB0078B979 /* Release */,
			);
			defaultConfigurationIsVisible = 0;
			defaultConfigurationName = Release;
		};
/* End XCConfigurationList section */
	};
	rootObject = 4CE1446A225C2FDA0078B979 /* Project object */;
}
